
Microsoft Visual Studio Solution File, Format Version 12.00
# Visual Studio 15
VisualStudioVersion = 15.0.28010.2050
MinimumVisualStudioVersion = 10.0.40219.1
Project("{9A19103F-16F7-4668-BE54-9A1E7A4F7556}") = "Quizzardry", "Quizzardry\Quizzardry.csproj", "{FDCD392E-34CF-45E3-A1DA-E9A448579281}"
EndProject
Project("{FAE04EC0-301F-11D3-BF4B-00C04F79EFBC}") = "QuizzardryTest", "QuizzardryTest\QuizzardryTest.csproj", "{DE06261C-5E27-4F0D-A748-0A0230F55FFC}"
EndProject
Global
	GlobalSection(SolutionConfigurationPlatforms) = preSolution
		Debug|Any CPU = Debug|Any CPU
		Release|Any CPU = Release|Any CPU
	EndGlobalSection
	GlobalSection(ProjectConfigurationPlatforms) = postSolution
		{FDCD392E-34CF-45E3-A1DA-E9A448579281}.Debug|Any CPU.ActiveCfg = Debug|Any CPU
		{FDCD392E-34CF-45E3-A1DA-E9A448579281}.Debug|Any CPU.Build.0 = Debug|Any CPU
		{FDCD392E-34CF-45E3-A1DA-E9A448579281}.Release|Any CPU.ActiveCfg = Release|Any CPU
		{FDCD392E-34CF-45E3-A1DA-E9A448579281}.Release|Any CPU.Build.0 = Release|Any CPU
		{DE06261C-5E27-4F0D-A748-0A0230F55FFC}.Debug|Any CPU.ActiveCfg = Debug|Any CPU
		{DE06261C-5E27-4F0D-A748-0A0230F55FFC}.Debug|Any CPU.Build.0 = Debug|Any CPU
		{DE06261C-5E27-4F0D-A748-0A0230F55FFC}.Release|Any CPU.ActiveCfg = Release|Any CPU
		{DE06261C-5E27-4F0D-A748-0A0230F55FFC}.Release|Any CPU.Build.0 = Release|Any CPU
	EndGlobalSection
	GlobalSection(SolutionProperties) = preSolution
		HideSolutionNode = FALSE
	EndGlobalSection
	GlobalSection(ExtensibilityGlobals) = postSolution
		SolutionGuid = {527AB5B9-182C-4E4A-B20D-AA4D432F2390}
	EndGlobalSection
EndGlobal
